
Microsoft Visual Studio Solution File, Format Version 12.00
# Visual Studio Version 17
VisualStudioVersion = 17.3.32825.248
MinimumVisualStudioVersion = 10.0.40219.1
Project("{FAE04EC0-301F-11D3-BF4B-00C04F79EFBC}") = "Draw-Shapes", "Draw-Shapes.csproj", "{1A2B8D64-9E0D-4055-B110-16A70254ABCE}"
EndProject
Global
	GlobalSection(SolutionConfigurationPlatforms) = preSolution
		Debug|Any CPU = Debug|Any CPU
		Release|Any CPU = Release|Any CPU
	EndGlobalSection
	GlobalSection(ProjectConfigurationPlatforms) = postSolution
		{1A2B8D64-9E0D-4055-B110-16A70254ABCE}.Debug|Any CPU.ActiveCfg = Debug|Any CPU
		{1A2B8D64-9E0D-4055-B110-16A70254ABCE}.Debug|Any CPU.Build.0 = Debug|Any CPU
		{1A2B8D64-9E0D-4055-B110-16A70254ABCE}.Release|Any CPU.ActiveCfg = Release|Any CPU
		{1A2B8D64-9E0D-4055-B110-16A70254ABCE}.Release|Any CPU.Build.0 = Release|Any CPU
	EndGlobalSection
	GlobalSection(SolutionProperties) = preSolution
		HideSolutionNode = FALSE
	EndGlobalSection
	GlobalSection(ExtensibilityGlobals) = postSolution
		SolutionGuid = {D6D9E30A-18D2-4BB8-9A95-B37775A6EDEC}
	EndGlobalSection
EndGlobal
